
Microsoft Visual Studio Solution File, Format Version 12.00
# Visual Studio Version 17
VisualStudioVersion = 17.3.32901.215
MinimumVisualStudioVersion = 10.0.40219.1
Project("{FAE04EC0-301F-11D3-BF4B-00C04F79EFBC}") = "AuthenticationApp", "AuthenticationApp\AuthenticationApp.csproj", "{1BA1B7AA-2CE3-4284-B555-21E5CE6627F6}"
EndProject
Global
	GlobalSection(SolutionConfigurationPlatforms) = preSolution
		Debug|Any CPU = Debug|Any CPU
		Release|Any CPU = Release|Any CPU
	EndGlobalSection
	GlobalSection(ProjectConfigurationPlatforms) = postSolution
		{1BA1B7AA-2CE3-4284-B555-21E5CE6627F6}.Debug|Any CPU.ActiveCfg = Debug|Any CPU
		{1BA1B7AA-2CE3-4284-B555-21E5CE6627F6}.Debug|Any CPU.Build.0 = Debug|Any CPU
		{1BA1B7AA-2CE3-4284-B555-21E5CE6627F6}.Release|Any CPU.ActiveCfg = Release|Any CPU
		{1BA1B7AA-2CE3-4284-B555-21E5CE6627F6}.Release|Any CPU.Build.0 = Release|Any CPU
	EndGlobalSection
	GlobalSection(SolutionProperties) = preSolution
		HideSolutionNode = FALSE
	EndGlobalSection
	GlobalSection(ExtensibilityGlobals) = postSolution
		SolutionGuid = {E1C229AB-2788-43DA-9797-5D9A540A11B9}
	EndGlobalSection
EndGlobal
